
Microsoft Visual Studio Solution File, Format Version 12.00
# Visual Studio 2013
VisualStudioVersion = 12.0.21005.1
MinimumVisualStudioVersion = 10.0.40219.1
Project("{FAE04EC0-301F-11D3-BF4B-00C04F79EFBC}") = "JumpingGame", "JumpingGame\JumpingGame.csproj", "{7DD9BAF8-74CE-4DFC-9431-59F7DD1F39C3}"
EndProject
Project("{FAE04EC0-301F-11D3-BF4B-00C04F79EFBC}") = "GameFramework_WP8", "GameFramework\GameFramework_WP8.csproj", "{8B369F84-3693-4BE0-81F1-37AE81DB89DA}"
EndProject
Global
	GlobalSection(SolutionConfigurationPlatforms) = preSolution
		Debug|ARM = Debug|ARM
		Debug|x86 = Debug|x86
		Release|ARM = Release|ARM
		Release|x86 = Release|x86
	EndGlobalSection
	GlobalSection(ProjectConfigurationPlatforms) = postSolution
		{7DD9BAF8-74CE-4DFC-9431-59F7DD1F39C3}.Debug|ARM.ActiveCfg = Debug|ARM
		{7DD9BAF8-74CE-4DFC-9431-59F7DD1F39C3}.Debug|ARM.Build.0 = Debug|ARM
		{7DD9BAF8-74CE-4DFC-9431-59F7DD1F39C3}.Debug|ARM.Deploy.0 = Debug|ARM
		{7DD9BAF8-74CE-4DFC-9431-59F7DD1F39C3}.Debug|x86.ActiveCfg = Debug|x86
		{7DD9BAF8-74CE-4DFC-9431-59F7DD1F39C3}.Debug|x86.Build.0 = Debug|x86
		{7DD9BAF8-74CE-4DFC-9431-59F7DD1F39C3}.Debug|x86.Deploy.0 = Debug|x86
		{7DD9BAF8-74CE-4DFC-9431-59F7DD1F39C3}.Release|ARM.ActiveCfg = Release|ARM
		{7DD9BAF8-74CE-4DFC-9431-59F7DD1F39C3}.Release|ARM.Build.0 = Release|ARM
		{7DD9BAF8-74CE-4DFC-9431-59F7DD1F39C3}.Release|ARM.Deploy.0 = Release|ARM
		{7DD9BAF8-74CE-4DFC-9431-59F7DD1F39C3}.Release|x86.ActiveCfg = Release|x86
		{7DD9BAF8-74CE-4DFC-9431-59F7DD1F39C3}.Release|x86.Build.0 = Release|x86
		{7DD9BAF8-74CE-4DFC-9431-59F7DD1F39C3}.Release|x86.Deploy.0 = Release|x86
		{8B369F84-3693-4BE0-81F1-37AE81DB89DA}.Debug|ARM.ActiveCfg = Debug|ARM
		{8B369F84-3693-4BE0-81F1-37AE81DB89DA}.Debug|ARM.Build.0 = Debug|ARM
		{8B369F84-3693-4BE0-81F1-37AE81DB89DA}.Debug|x86.ActiveCfg = Debug|x86
		{8B369F84-3693-4BE0-81F1-37AE81DB89DA}.Debug|x86.Build.0 = Debug|x86
		{8B369F84-3693-4BE0-81F1-37AE81DB89DA}.Release|ARM.ActiveCfg = Release|ARM
		{8B369F84-3693-4BE0-81F1-37AE81DB89DA}.Release|ARM.Build.0 = Release|ARM
		{8B369F84-3693-4BE0-81F1-37AE81DB89DA}.Release|x86.ActiveCfg = Release|x86
		{8B369F84-3693-4BE0-81F1-37AE81DB89DA}.Release|x86.Build.0 = Release|x86
	EndGlobalSection
	GlobalSection(SolutionProperties) = preSolution
		HideSolutionNode = FALSE
	EndGlobalSection
EndGlobal
